
Microsoft Visual Studio Solution File, Format Version 12.00
# Visual Studio Version 17
VisualStudioVersion = 17.3.32901.215
MinimumVisualStudioVersion = 10.0.40219.1
Project("{8BC9CEB8-8B4A-11D0-8D11-00A0C91BC942}") = "WinAPI", "WinAPI\WinAPI.vcxproj", "{5BA9A96C-2204-4DAB-8464-A0DD98A7940A}"
EndProject
Project("{8BC9CEB8-8B4A-11D0-8D11-00A0C91BC942}") = "ComboBox", "ComboBox\ComboBox.vcxproj", "{C23E12CA-154A-4342-BC2A-5EAB67A81D91}"
EndProject
Project("{8BC9CEB8-8B4A-11D0-8D11-00A0C91BC942}") = "ListBox", "ListBox\ListBox.vcxproj", "{97BC1CEC-F4D1-4724-8CAC-09248A8A83B8}"
EndProject
Project("{8BC9CEB8-8B4A-11D0-8D11-00A0C91BC942}") = "MainWindow", "MainWindow\MainWindow.vcxproj", "{38632330-409A-4121-A661-78FF56F080FA}"
EndProject
Global
	GlobalSection(SolutionConfigurationPlatforms) = preSolution
		Debug|x64 = Debug|x64
		Debug|x86 = Debug|x86
		Release|x64 = Release|x64
		Release|x86 = Release|x86
	EndGlobalSection
	GlobalSection(ProjectConfigurationPlatforms) = postSolution
		{5BA9A96C-2204-4DAB-8464-A0DD98A7940A}.Debug|x64.ActiveCfg = Debug|x64
		{5BA9A96C-2204-4DAB-8464-A0DD98A7940A}.Debug|x64.Build.0 = Debug|x64
		{5BA9A96C-2204-4DAB-8464-A0DD98A7940A}.Debug|x86.ActiveCfg = Debug|Win32
		{5BA9A96C-2204-4DAB-8464-A0DD98A7940A}.Debug|x86.Build.0 = Debug|Win32
		{5BA9A96C-2204-4DAB-8464-A0DD98A7940A}.Release|x64.ActiveCfg = Release|x64
		{5BA9A96C-2204-4DAB-8464-A0DD98A7940A}.Release|x64.Build.0 = Release|x64
		{5BA9A96C-2204-4DAB-8464-A0DD98A7940A}.Release|x86.ActiveCfg = Release|Win32
		{5BA9A96C-2204-4DAB-8464-A0DD98A7940A}.Release|x86.Build.0 = Release|Win32
		{C23E12CA-154A-4342-BC2A-5EAB67A81D91}.Debug|x64.ActiveCfg = Debug|x64
		{C23E12CA-154A-4342-BC2A-5EAB67A81D91}.Debug|x64.Build.0 = Debug|x64
		{C23E12CA-154A-4342-BC2A-5EAB67A81D91}.Debug|x86.ActiveCfg = Debug|Win32
		{C23E12CA-154A-4342-BC2A-5EAB67A81D91}.Debug|x86.Build.0 = Debug|Win32
		{C23E12CA-154A-4342-BC2A-5EAB67A81D91}.Release|x64.ActiveCfg = Release|x64
		{C23E12CA-154A-4342-BC2A-5EAB67A81D91}.Release|x64.Build.0 = Release|x64
		{C23E12CA-154A-4342-BC2A-5EAB67A81D91}.Release|x86.ActiveCfg = Release|Win32
		{C23E12CA-154A-4342-BC2A-5EAB67A81D91}.Release|x86.Build.0 = Release|Win32
		{97BC1CEC-F4D1-4724-8CAC-09248A8A83B8}.Debug|x64.ActiveCfg = Debug|x64
		{97BC1CEC-F4D1-4724-8CAC-09248A8A83B8}.Debug|x64.Build.0 = Debug|x64
		{97BC1CEC-F4D1-4724-8CAC-09248A8A83B8}.Debug|x86.ActiveCfg = Debug|Win32
		{97BC1CEC-F4D1-4724-8CAC-09248A8A83B8}.Debug|x86.Build.0 = Debug|Win32
		{97BC1CEC-F4D1-4724-8CAC-09248A8A83B8}.Release|x64.ActiveCfg = Release|x64
		{97BC1CEC-F4D1-4724-8CAC-09248A8A83B8}.Release|x64.Build.0 = Release|x64
		{97BC1CEC-F4D1-4724-8CAC-09248A8A83B8}.Release|x86.ActiveCfg = Release|Win32
		{97BC1CEC-F4D1-4724-8CAC-09248A8A83B8}.Release|x86.Build.0 = Release|Win32
		{38632330-409A-4121-A661-78FF56F080FA}.Debug|x64.ActiveCfg = Debug|x64
		{38632330-409A-4121-A661-78FF56F080FA}.Debug|x64.Build.0 = Debug|x64
		{38632330-409A-4121-A661-78FF56F080FA}.Debug|x86.ActiveCfg = Debug|Win32
		{38632330-409A-4121-A661-78FF56F080FA}.Debug|x86.Build.0 = Debug|Win32
		{38632330-409A-4121-A661-78FF56F080FA}.Release|x64.ActiveCfg = Release|x64
		{38632330-409A-4121-A661-78FF56F080FA}.Release|x64.Build.0 = Release|x64
		{38632330-409A-4121-A661-78FF56F080FA}.Release|x86.ActiveCfg = Release|Win32
		{38632330-409A-4121-A661-78FF56F080FA}.Release|x86.Build.0 = Release|Win32
	EndGlobalSection
	GlobalSection(SolutionProperties) = preSolution
		HideSolutionNode = FALSE
	EndGlobalSection
	GlobalSection(ExtensibilityGlobals) = postSolution
		SolutionGuid = {5C3875C7-AFB0-4485-9B25-7DEF4652D873}
	EndGlobalSection
EndGlobal
